
Microsoft Visual Studio Solution File, Format Version 12.00
# Visual Studio Version 17
VisualStudioVersion = 17.11.35219.272
MinimumVisualStudioVersion = 10.0.40219.1
Project("{9A19103F-16F7-4668-BE54-9A1E7A4F7556}") = "SER.API", "SER.API\SER.API.csproj", "{7529347A-639F-4F95-8217-C46F3B4977B5}"
EndProject
Project("{9A19103F-16F7-4668-BE54-9A1E7A4F7556}") = "SER.Domain", "SER.Domain\SER.Domain.csproj", "{1D36EA89-3D63-4367-852C-A2201F7BE7F4}"
EndProject
Project("{9A19103F-16F7-4668-BE54-9A1E7A4F7556}") = "SER.Tools", "SER.Tools\SER.Tools.csproj", "{54AABC35-7945-4081-9D08-54403B472995}"
EndProject
Project("{9A19103F-16F7-4668-BE54-9A1E7A4F7556}") = "SER.Services", "SER.Services\SER.Services.csproj", "{1F79D29F-32EC-43D6-81F2-A6FB58F20D2D}"
EndProject
Project("{9A19103F-16F7-4668-BE54-9A1E7A4F7556}") = "SER.Configurator", "SER.Configurator\SER.Configurator.csproj", "{A3BD6F7A-2E50-4BEA-85D9-3240A2BE2640}"
EndProject
Project("{FAE04EC0-301F-11D3-BF4B-00C04F79EFBC}") = "SER.Services.Configurator", "SER.Services.Configurator\SER.Services.Configurator.csproj", "{397050DF-F73D-43A7-868E-C594A3138972}"
EndProject
Project("{FAE04EC0-301F-11D3-BF4B-00C04F79EFBC}") = "SER.EfCore", "SER.EfCore\SER.EfCore.csproj", "{E20BA7AB-5D7D-49D4-814B-5F391781A5E7}"
EndProject
Global
	GlobalSection(SolutionConfigurationPlatforms) = preSolution
		Debug|Any CPU = Debug|Any CPU
		Release|Any CPU = Release|Any CPU
	EndGlobalSection
	GlobalSection(ProjectConfigurationPlatforms) = postSolution
		{7529347A-639F-4F95-8217-C46F3B4977B5}.Debug|Any CPU.ActiveCfg = Debug|Any CPU
		{7529347A-639F-4F95-8217-C46F3B4977B5}.Debug|Any CPU.Build.0 = Debug|Any CPU
		{7529347A-639F-4F95-8217-C46F3B4977B5}.Release|Any CPU.ActiveCfg = Release|Any CPU
		{7529347A-639F-4F95-8217-C46F3B4977B5}.Release|Any CPU.Build.0 = Release|Any CPU
		{1D36EA89-3D63-4367-852C-A2201F7BE7F4}.Debug|Any CPU.ActiveCfg = Debug|Any CPU
		{1D36EA89-3D63-4367-852C-A2201F7BE7F4}.Debug|Any CPU.Build.0 = Debug|Any CPU
		{1D36EA89-3D63-4367-852C-A2201F7BE7F4}.Release|Any CPU.ActiveCfg = Release|Any CPU
		{1D36EA89-3D63-4367-852C-A2201F7BE7F4}.Release|Any CPU.Build.0 = Release|Any CPU
		{54AABC35-7945-4081-9D08-54403B472995}.Debug|Any CPU.ActiveCfg = Debug|Any CPU
		{54AABC35-7945-4081-9D08-54403B472995}.Debug|Any CPU.Build.0 = Debug|Any CPU
		{54AABC35-7945-4081-9D08-54403B472995}.Release|Any CPU.ActiveCfg = Release|Any CPU
		{54AABC35-7945-4081-9D08-54403B472995}.Release|Any CPU.Build.0 = Release|Any CPU
		{1F79D29F-32EC-43D6-81F2-A6FB58F20D2D}.Debug|Any CPU.ActiveCfg = Debug|Any CPU
		{1F79D29F-32EC-43D6-81F2-A6FB58F20D2D}.Debug|Any CPU.Build.0 = Debug|Any CPU
		{1F79D29F-32EC-43D6-81F2-A6FB58F20D2D}.Release|Any CPU.ActiveCfg = Release|Any CPU
		{1F79D29F-32EC-43D6-81F2-A6FB58F20D2D}.Release|Any CPU.Build.0 = Release|Any CPU
		{A3BD6F7A-2E50-4BEA-85D9-3240A2BE2640}.Debug|Any CPU.ActiveCfg = Debug|Any CPU
		{A3BD6F7A-2E50-4BEA-85D9-3240A2BE2640}.Debug|Any CPU.Build.0 = Debug|Any CPU
		{A3BD6F7A-2E50-4BEA-85D9-3240A2BE2640}.Release|Any CPU.ActiveCfg = Release|Any CPU
		{A3BD6F7A-2E50-4BEA-85D9-3240A2BE2640}.Release|Any CPU.Build.0 = Release|Any CPU
		{397050DF-F73D-43A7-868E-C594A3138972}.Debug|Any CPU.ActiveCfg = Debug|Any CPU
		{397050DF-F73D-43A7-868E-C594A3138972}.Debug|Any CPU.Build.0 = Debug|Any CPU
		{397050DF-F73D-43A7-868E-C594A3138972}.Release|Any CPU.ActiveCfg = Release|Any CPU
		{397050DF-F73D-43A7-868E-C594A3138972}.Release|Any CPU.Build.0 = Release|Any CPU
		{E20BA7AB-5D7D-49D4-814B-5F391781A5E7}.Debug|Any CPU.ActiveCfg = Debug|Any CPU
		{E20BA7AB-5D7D-49D4-814B-5F391781A5E7}.Debug|Any CPU.Build.0 = Debug|Any CPU
		{E20BA7AB-5D7D-49D4-814B-5F391781A5E7}.Release|Any CPU.ActiveCfg = Release|Any CPU
		{E20BA7AB-5D7D-49D4-814B-5F391781A5E7}.Release|Any CPU.Build.0 = Release|Any CPU
	EndGlobalSection
	GlobalSection(SolutionProperties) = preSolution
		HideSolutionNode = FALSE
	EndGlobalSection
	GlobalSection(ExtensibilityGlobals) = postSolution
		SolutionGuid = {71302055-8C91-482C-A37B-51F43EFE58AA}
	EndGlobalSection
EndGlobal
